
Microsoft Visual Studio Solution File, Format Version 12.00
# Visual Studio 2012
Project("{FAE04EC0-301F-11D3-BF4B-00C04F79EFBC}") = "TetrisTCP", "TetrisTCP\TetrisTCP.csproj", "{D46BC8C5-6DB0-494C-AFA8-D57D0C0C8C5C}"
EndProject
Global
	GlobalSection(SolutionConfigurationPlatforms) = preSolution
		Debug|Any CPU = Debug|Any CPU
		Release|Any CPU = Release|Any CPU
	EndGlobalSection
	GlobalSection(ProjectConfigurationPlatforms) = postSolution
		{D46BC8C5-6DB0-494C-AFA8-D57D0C0C8C5C}.Debug|Any CPU.ActiveCfg = Debug|Any CPU
		{D46BC8C5-6DB0-494C-AFA8-D57D0C0C8C5C}.Debug|Any CPU.Build.0 = Debug|Any CPU
		{D46BC8C5-6DB0-494C-AFA8-D57D0C0C8C5C}.Release|Any CPU.ActiveCfg = Release|Any CPU
		{D46BC8C5-6DB0-494C-AFA8-D57D0C0C8C5C}.Release|Any CPU.Build.0 = Release|Any CPU
	EndGlobalSection
	GlobalSection(SolutionProperties) = preSolution
		HideSolutionNode = FALSE
	EndGlobalSection
EndGlobal
